{
  "version": 4,
  "terraform_version": "1.13.2",
  "serial": 25,
  "lineage": "c1d39f1d-074b-d715-c70a-962a2980cd93",
  "outputs": {},
  "resources": [
    {
      "mode": "data",
      "type": "azurerm_billing_mca_account_scope",
      "name": "billing",
      "provider": "provider[\"registry.terraform.io/hashicorp/azurerm\"]",
      "instances": [
        {
          "schema_version": 0,
          "attributes": {
            "billing_account_name": "12cd9329-fb91-54d2-9782-c40a099cd0d6:41addaf6-2c7d-47f4-a271-ed76e330c27f_2019-05-31",
            "billing_profile_name": "5GAG-WODN-BG7-PGB",
            "id": "/providers/Microsoft.Billing/billingAccounts/12cd9329-fb91-54d2-9782-c40a099cd0d6:41addaf6-2c7d-47f4-a271-ed76e330c27f_2019-05-31/billingProfiles/5GAG-WODN-BG7-PGB/invoiceSections/IVYE-4QLS-PJA-PGB",
            "invoice_section_name": "IVYE-4QLS-PJA-PGB",
            "timeouts": null
          },
          "sensitive_attributes": [],
          "identity_schema_version": 0
        }
      ]
    },
    {
      "mode": "data",
      "type": "azurerm_client_config",
      "name": "current",
      "provider": "provider[\"registry.terraform.io/hashicorp/azurerm\"]",
      "instances": [
        {
          "schema_version": 0,
          "attributes": {
            "client_id": "04b07795-8ddb-461a-bbee-02f9e1bf7b46",
            "id": "Y2xpZW50Q29uZmlncy9jbGllbnRJZD0wNGIwNzc5NS04ZGRiLTQ2MWEtYmJlZS0wMmY5ZTFiZjdiNDY7b2JqZWN0SWQ9ZWRkYmUzYjMtZTA3Yi00YmEyLTkwNTQtZGEzOTFkOGQyYWM4O3N1YnNjcmlwdGlvbklkPTgzNjJhODY0LTFhOGItNDllNy04NmMxLTljZmRmODg1MGIzMzt0ZW5hbnRJZD1kMTk3N2RjMi02NmI1LTRkNzgtYmE4MC0xMWFhOWJjMDM4Mjk=",
            "object_id": "eddbe3b3-e07b-4ba2-9054-da391d8d2ac8",
            "subscription_id": "8362a864-1a8b-49e7-86c1-9cfdf8850b33",
            "tenant_id": "d1977dc2-66b5-4d78-ba80-11aa9bc03829",
            "timeouts": null
          },
          "sensitive_attributes": [],
          "identity_schema_version": 0
        }
      ]
    },
    {
      "mode": "managed",
      "type": "azurerm_management_group",
      "name": "management_groups",
      "provider": "provider[\"registry.terraform.io/hashicorp/azurerm\"]",
      "instances": [
        {
          "index_key": "dev",
          "schema_version": 0,
          "attributes": {
            "display_name": "cloud-resume-challenge-dev",
            "id": "/providers/Microsoft.Management/managementGroups/7ef1ea47-9fa8-4b81-a358-7acf4d6aacf8",
            "name": "7ef1ea47-9fa8-4b81-a358-7acf4d6aacf8",
            "parent_management_group_id": "/providers/Microsoft.Management/managementGroups/d1977dc2-66b5-4d78-ba80-11aa9bc03829",
            "subscription_ids": [],
            "tenant_scoped_id": "/tenants/d1977dc2-66b5-4d78-ba80-11aa9bc03829/providers/Microsoft.Management/managementGroups/7ef1ea47-9fa8-4b81-a358-7acf4d6aacf8",
            "timeouts": null
          },
          "sensitive_attributes": [],
          "identity_schema_version": 0,
          "private": "eyJlMmJmYjczMC1lY2FhLTExZTYtOGY4OC0zNDM2M2JjN2M0YzAiOnsiY3JlYXRlIjoxODAwMDAwMDAwMDAwLCJkZWxldGUiOjE4MDAwMDAwMDAwMDAsInJlYWQiOjMwMDAwMDAwMDAwMCwidXBkYXRlIjoxODAwMDAwMDAwMDAwfX0="
        },
        {
          "index_key": "prod",
          "schema_version": 0,
          "attributes": {
            "display_name": "cloud-resume-challenge-prod",
            "id": "/providers/Microsoft.Management/managementGroups/40ef1cf0-6043-4a7f-b590-a036924f7583",
            "name": "40ef1cf0-6043-4a7f-b590-a036924f7583",
            "parent_management_group_id": "/providers/Microsoft.Management/managementGroups/d1977dc2-66b5-4d78-ba80-11aa9bc03829",
            "subscription_ids": [],
            "tenant_scoped_id": "/tenants/d1977dc2-66b5-4d78-ba80-11aa9bc03829/providers/Microsoft.Management/managementGroups/40ef1cf0-6043-4a7f-b590-a036924f7583",
            "timeouts": null
          },
          "sensitive_attributes": [],
          "identity_schema_version": 0,
          "private": "eyJlMmJmYjczMC1lY2FhLTExZTYtOGY4OC0zNDM2M2JjN2M0YzAiOnsiY3JlYXRlIjoxODAwMDAwMDAwMDAwLCJkZWxldGUiOjE4MDAwMDAwMDAwMDAsInJlYWQiOjMwMDAwMDAwMDAwMCwidXBkYXRlIjoxODAwMDAwMDAwMDAwfX0="
        }
      ]
    },
    {
      "mode": "managed",
      "type": "azurerm_resource_group",
      "name": "resource_groups",
      "provider": "provider[\"registry.terraform.io/hashicorp/azurerm\"]",
      "instances": [
        {
          "index_key": "dev",
          "schema_version": 0,
          "attributes": {
            "id": "/subscriptions/8362a864-1a8b-49e7-86c1-9cfdf8850b33/resourceGroups/cloud-resume-challenge-dev-rg",
            "location": "eastus",
            "managed_by": "",
            "name": "cloud-resume-challenge-dev-rg",
            "tags": null,
            "timeouts": null
          },
          "sensitive_attributes": [],
          "identity_schema_version": 0,
          "private": "eyJlMmJmYjczMC1lY2FhLTExZTYtOGY4OC0zNDM2M2JjN2M0YzAiOnsiY3JlYXRlIjo1NDAwMDAwMDAwMDAwLCJkZWxldGUiOjU0MDAwMDAwMDAwMDAsInJlYWQiOjMwMDAwMDAwMDAwMCwidXBkYXRlIjo1NDAwMDAwMDAwMDAwfX0="
        },
        {
          "index_key": "prod",
          "schema_version": 0,
          "attributes": {
            "id": "/subscriptions/8362a864-1a8b-49e7-86c1-9cfdf8850b33/resourceGroups/cloud-resume-challenge-prod-rg",
            "location": "eastus",
            "managed_by": "",
            "name": "cloud-resume-challenge-prod-rg",
            "tags": null,
            "timeouts": null
          },
          "sensitive_attributes": [],
          "identity_schema_version": 0,
          "private": "eyJlMmJmYjczMC1lY2FhLTExZTYtOGY4OC0zNDM2M2JjN2M0YzAiOnsiY3JlYXRlIjo1NDAwMDAwMDAwMDAwLCJkZWxldGUiOjU0MDAwMDAwMDAwMDAsInJlYWQiOjMwMDAwMDAwMDAwMCwidXBkYXRlIjo1NDAwMDAwMDAwMDAwfX0="
        }
      ]
    }
  ],
  "check_results": null
}
